<Solution>
  <Folder Name="/src/">
    <Project Path="src/Amira.Errors/Amira.Errors.csproj" />
    <Project Path="src/Amira.Domain/Amira.Domain.csproj" />
    <Project Path="src/Amira.Contracts/Amira.Contracts.csproj" />
    <Project Path="src/Amira.Persistence.Sqlite/Amira.Persistence.Sqlite.csproj" />
    <Project Path="src/Amira.Providers/Amira.Providers.csproj" />
    <Project Path="src/Amira.Runtime/Amira.Runtime.csproj" />
    <Project Path="src/Amira.Observability/Amira.Observability.csproj" />
    <Project Path="src/Amira.Credentials.Windows/Amira.Credentials.Windows.csproj" />
    <Project Path="src/Amira.Client.Composition.Windows/Amira.Client.Composition.Windows.csproj" />
  </Folder>
  <Folder Name="/clients/">
    <Project Path="clients/Amira.Client.WinUI/Amira.Client.WinUI.csproj" />
    <Project Path="clients/Amira.Client.Wpf/Amira.Client.Wpf.csproj" />
  </Folder>
  <Folder Name="/tests/">
    <Project Path="tests/Amira.Core.AotSmoke/Amira.Core.AotSmoke.csproj" />
    <Project Path="tests/Amira.Errors.Tests/Amira.Errors.Tests.csproj" />
    <Project Path="tests/Amira.Domain.Tests/Amira.Domain.Tests.csproj" />
    <Project Path="tests/Amira.Contracts.Tests/Amira.Contracts.Tests.csproj" />
    <Project Path="tests/Amira.Persistence.Sqlite.Tests/Amira.Persistence.Sqlite.Tests.csproj" />
    <Project Path="tests/Amira.Providers.Tests/Amira.Providers.Tests.csproj" />
    <Project Path="tests/Amira.Runtime.Tests/Amira.Runtime.Tests.csproj" />
    <Project Path="tests/Amira.Observability.Tests/Amira.Observability.Tests.csproj" />
    <Project Path="tests/Amira.Credentials.Windows.Tests/Amira.Credentials.Windows.Tests.csproj" />
    <Project Path="tests/Amira.Client.Composition.Windows.Tests/Amira.Client.Composition.Windows.Tests.csproj" />
    <Project Path="tests/Amira.Client.Wpf.Tests/Amira.Client.Wpf.Tests.csproj" />
    <Project Path="tests/Amira.Client.WinUI.Tests/Amira.Client.WinUI.Tests.csproj" />
  </Folder>
</Solution>
